PODS:
  - Capacitor (6.2.2):
    - CapacitorCordova
  - CapacitorCordova (6.2.2)
  - CapacitorHaptics (6.0.3):
    - Capacitor

DEPENDENCIES:
  - "Capacitor (from `../../node_modules/@capacitor/ios`)"
  - "CapacitorCordova (from `../../node_modules/@capacitor/ios`)"
  - "CapacitorHaptics (from `../../node_modules/@capacitor/haptics`)"

EXTERNAL SOURCES:
  Capacitor:
    :path: "../../node_modules/@capacitor/ios"
  CapacitorCordova:
    :path: "../../node_modules/@capacitor/ios"
  CapacitorHaptics:
    :path: "../../node_modules/@capacitor/haptics"

SPEC CHECKSUMS:
  Capacitor: 6591a78b923b7e6dde28506ffeea820356e68013
  CapacitorCordova: c2c76283b5c00cf6073bab0b1311e3b10bd17254
  CapacitorHaptics: 40f83026feeee9cfe36e89e9c98a3baaaf20c450

PODFILE CHECKSUM: 46c4b6016d375eef4ed2bd0ec06ac02872b3f619

COCOAPODS: 1.16.2
